{
  "nodes": {
    "icon_src": {
      "flake": false,
      "locked": {
        "lastModified": 1766336445,
        "narHash": "sha256-wQDa8SdwTOCs+4QLoNeoDCGMfUH+wz8hvuIgo2h2p+A=",
        "owner": "Silk-OT",
        "repo": "Mignon-icon-theme",
        "rev": "d4fa8f52493cb81c597f32c654ac65d6f85a04d8",
        "type": "github"
      },
      "original": {
        "owner": "Silk-OT",
        "repo": "Mignon-icon-theme",
        "type": "github"
      }
    },
    "nixpkgs": {
      "locked": {
        "lastModified": 1766125104,
        "narHash": "sha256-l/YGrEpLromL4viUo5GmFH3K5M1j0Mb9O+LiaeCPWEM=",
        "owner": "NixOS",
        "repo": "nixpkgs",
        "rev": "7d853e518814cca2a657b72eeba67ae20ebf7059",
        "type": "github"
      },
      "original": {
        "owner": "NixOS",
        "ref": "nixpkgs-unstable",
        "repo": "nixpkgs",
        "type": "github"
      }
    },
    "root": {
      "inputs": {
        "icon_src": "icon_src",
        "nixpkgs": "nixpkgs"
      }
    }
  },
  "root": "root",
  "version": 7
}
