{
  "nodes": {
    "icon_src": {
      "flake": false,
      "locked": {
        "lastModified": 1766297653,
        "narHash": "sha256-SYGY7azZGbcTgaAO30qHXllQxE7cNHQxM0zClCP7GhQ=",
        "owner": "Silk-OT",
        "repo": "Mignon-icon-theme",
        "rev": "7ce2bd145eb9b39ef4d8123c6c2c8e998fdcb008",
        "type": "github"
      },
      "original": {
        "owner": "Silk-OT",
        "repo": "Mignon-icon-theme",
        "type": "github"
      }
    },
    "nixpkgs": {
      "locked": {
        "lastModified": 1761880412,
        "narHash": "sha256-QoJjGd4NstnyOG4mm4KXF+weBzA2AH/7gn1Pmpfcb0A=",
        "owner": "NixOS",
        "repo": "nixpkgs",
        "rev": "a7fc11be66bdfb5cdde611ee5ce381c183da8386",
        "type": "github"
      },
      "original": {
        "owner": "NixOS",
        "ref": "nixpkgs-unstable",
        "repo": "nixpkgs",
        "type": "github"
      }
    },
    "root": {
      "inputs": {
        "icon_src": "icon_src",
        "nixpkgs": "nixpkgs"
      }
    }
  },
  "root": "root",
  "version": 7
}
